# This file is autogenerated, do not edit; changes may be undone by the next 'dep ensure'.


[[projects]]
  digest = "1:439bfb51db599cd80766736b93b3d10e9314361197ada0b1209a51627a00ccd5"
  name = "github.com/PuerkitoBio/goquery"
  packages = ["."]
  pruneopts = ""
  revision = "2d2796f41742ece03e8086188fa4db16a3a0b458"
  version = "v1.5.0"

[[projects]]
  digest = "1:e3726ad6f38f710e84c8dcd0e830014de6eaeea81f28d91ae898afecc078479a"
  name = "github.com/andybalholm/cascadia"
  packages = ["."]
  pruneopts = ""
  revision = "901648c87902174f774fac311d7f176f8647bdaa"
  version = "v1.0.0"

[[projects]]
  digest = "1:0b1d07f6cd3aa6c84f5684cc0acc10aaf35e75b9d6da703f77bb67d62e629c93"
  name = "github.com/aymerick/douceur"
  packages = [
    "css",
    "inliner",
    "parser",
  ]
  pruneopts = ""
  revision = "c5c95ec357c8235fbd7f34e8c843d36783f3fad9"
  version = "v0.2.0"

[[projects]]
  branch = "endpoint-186"
  digest = "1:b56e65cab256427453f4454af3e7be2c1c544b52332772dbf7e6992aa7fdf599"
  name = "github.com/dnote/dnote"
  packages = ["pkg/assert"]
  pruneopts = ""
  revision = "54646c6bf85fba5efb8b4de67c9fed19cdbe0d97"

[[projects]]
  digest = "1:529d738b7976c3848cae5cf3a8036440166835e389c1f617af701eeb12a0518d"
  name = "github.com/golang/protobuf"
  packages = ["proto"]
  pruneopts = ""
  revision = "b5d812f8a3706043e23a9cd5babf2e5423744d30"
  version = "v1.3.1"

[[projects]]
  digest = "1:dbbeb8ddb0be949954c8157ee8439c2adfd8dc1c9510eb44a6e58cb68c3dce28"
  name = "github.com/gorilla/context"
  packages = ["."]
  pruneopts = ""
  revision = "08b5f424b9271eedf6f9f0ce86cb9396ed337a42"
  version = "v1.1.1"

[[projects]]
  digest = "1:0fa74e2fa9e562bc1ba6636ba557b8017f9b545c7cde50acff4e0b77519dd137"
  name = "github.com/gorilla/css"
  packages = ["scanner"]
  pruneopts = ""
  revision = "398b0b046082ecb3694c01bec6b336a06a4e530a"
  version = "v1.0.0"

[[projects]]
  digest = "1:ec5262e6c65f9fcedc01d7789ee4e18ad429dde822cfd50e57e3fd77c4d70c73"
  name = "github.com/gorilla/mux"
  packages = ["."]
  pruneopts = ""
  revision = "ed099d42384823742bba0bf9a72b53b55c9e2e38"
  version = "v1.7.2"

[[projects]]
  digest = "1:51a1d17ba9fe6648d9fdd5b822baa616d6ec7f28c8669c2091126d206796b5ae"
  name = "github.com/gorilla/securecookie"
  packages = ["."]
  pruneopts = ""
  revision = "e59506cc896acb7f7bf732d4fdf5e25f7ccd8983"
  version = "v1.1.1"

[[projects]]
  digest = "1:4e1c7e6877107c08296ca6ee3d3c4c07d1ff5e46565a186aa8e9342e435301be"
  name = "github.com/gorilla/sessions"
  packages = ["."]
  pruneopts = ""
  revision = "f57b7e2d29c6211d16ffa52a0998272f75799030"
  version = "v1.1.3"

[[projects]]
  digest = "1:ac0cf20506076f1243a12c66052b862988915b1cd41881987addf0da946077c6"
  name = "github.com/jinzhu/gorm"
  packages = ["."]
  pruneopts = ""
  revision = "b7156195f7f3415f97c20abbd6aff894b847fee8"
  version = "v1.9.8"

[[projects]]
  branch = "master"
  digest = "1:d9a7385b84d8187fd94e0357045c6fa1147ca94caa56fdd539336c7c102fc728"
  name = "github.com/jinzhu/inflection"
  packages = ["."]
  pruneopts = ""
  revision = "04140366298a54a039076d798123ffa108fff46c"

[[projects]]
  digest = "1:7df5a9695a743c3e1626b28bb8741602c8c15527e1efaeaec48ab2ff9a23f74c"
  name = "github.com/joho/godotenv"
  packages = ["."]
  pruneopts = ""
  revision = "23d116af351c84513e1946b527c88823e476be13"
  version = "v1.3.0"

[[projects]]
  digest = "1:a65d93f562c7d66d8db6f0c5df8ade208e0f42d9a9626924896697351ca161b3"
  name = "github.com/lib/pq"
  packages = [
    ".",
    "oid",
    "scram",
  ]
  pruneopts = ""
  revision = "bc6a3c0594130b1e34005880bc600b6d3f49fa7f"
  version = "v1.1.1"

[[projects]]
  digest = "1:38933a01adb848876d291f1d1415c942f131b859dd3910936ddddf72056f098f"
  name = "github.com/markbates/goth"
  packages = [
    ".",
    "gothic",
    "providers/github",
    "providers/gplus",
  ]
  pruneopts = ""
  revision = "a3986c89570720dfc7c4b263e46a6d2c233d74cd"
  version = "v1.52.0"

[[projects]]
  digest = "1:1d7e1867c49a6dd9856598ef7c3123604ea3daabf5b83f303ff457bcbc410b1d"
  name = "github.com/pkg/errors"
  packages = ["."]
  pruneopts = ""
  revision = "ba968bfe8b2f7e042a574c888954fccecfa385b4"
  version = "v0.8.1"

[[projects]]
  digest = "1:6ab228f39a195cb1dab3564a0f27dc24a52bb3a19fa58dd2967f1e7b2482d82b"
  name = "github.com/robfig/cron"
  packages = ["."]
  pruneopts = ""
  revision = "b41be1df696709bb6395fe435af20370037c0b4c"
  version = "v1.1"

[[projects]]
  digest = "1:7f569d906bdd20d906b606415b7d794f798f91a62fcfb6a4daa6d50690fb7a3f"
  name = "github.com/satori/go.uuid"
  packages = ["."]
  pruneopts = ""
  revision = "f58768cc1a7a7e77a3bd49e98cdd21419399b6a3"
  version = "v1.2.0"

[[projects]]
  digest = "1:f572b2f945e18823b755499b67aa2f9cac9404a02452f740a0dd39c8266fac62"
  name = "github.com/stripe/stripe-go"
  packages = [
    ".",
    "card",
    "customer",
    "form",
    "paymentsource",
    "source",
    "sub",
    "webhook",
  ]
  pruneopts = ""
  revision = "557f3da8db5392aca3d47980cbee64aef9792c65"
  version = "v60.17.0"

[[projects]]
  branch = "master"
  digest = "1:5b3e9450868bcf9ecbca2b01ac04f142255b5744d89ec97e1ceedf57d4522645"
  name = "golang.org/x/crypto"
  packages = [
    "bcrypt",
    "blowfish",
    "pbkdf2",
  ]
  pruneopts = ""
  revision = "22d7a77e9e5f409e934ed268692e56707cd169e5"

[[projects]]
  branch = "master"
  digest = "1:aa38821ad1406a84f9577465ef53e56ca4d90745a710c753190bf7792d726c82"
  name = "golang.org/x/net"
  packages = [
    "context",
    "context/ctxhttp",
    "html",
    "html/atom",
  ]
  pruneopts = ""
  revision = "3ec19112720433827bbce8be9342797f5a6aaaf9"

[[projects]]
  branch = "master"
  digest = "1:348696484a568aa816b0aa29d4924afa1a4e5492e29a003eaf365f650a53c7b4"
  name = "golang.org/x/oauth2"
  packages = [
    ".",
    "internal",
  ]
  pruneopts = ""
  revision = "9f3314589c9a9136388751d9adae6b0ed400978a"

[[projects]]
  branch = "master"
  digest = "1:9522af4be529c108010f95b05f1022cb872f2b9ff8b101080f554245673466e1"
  name = "golang.org/x/time"
  packages = ["rate"]
  pruneopts = ""
  revision = "9d24e82272b4f38b78bc8cff74fa936d31ccd8ef"

[[projects]]
  digest = "1:01b9b21ce3c29e95c6226188ab77233e59f4e397262a078cd6f248405b86dda7"
  name = "google.golang.org/appengine"
  packages = [
    "internal",
    "internal/base",
    "internal/datastore",
    "internal/log",
    "internal/remote_api",
    "internal/urlfetch",
    "urlfetch",
  ]
  pruneopts = ""
  revision = "4c25cacc810c02874000e4f7071286a8e96b2515"
  version = "v1.6.0"

[[projects]]
  branch = "v3"
  digest = "1:fa33d1dde8ce5b0b37c38c767c250a7684ecd385f9dbabe594ea8543e4d55807"
  name = "gopkg.in/alexcesaro/quotedprintable.v3"
  packages = ["."]
  pruneopts = ""
  revision = "2caba252f4dc53eaf6b553000885530023f54623"

[[projects]]
  digest = "1:cba75ccf02d7b1d508f860e1f579a986e6b94ccc26841d6dd67d18cd1196e132"
  name = "gopkg.in/gomail.v2"
  packages = ["."]
  pruneopts = ""
  revision = "41f3572897373c5538c50a2402db15db079fa4fd"
  version = "2.0.0"

[solve-meta]
  analyzer-name = "dep"
  analyzer-version = 1
  input-imports = [
    "github.com/aymerick/douceur/inliner",
    "github.com/dnote/dnote/pkg/assert",
    "github.com/gorilla/mux",
    "github.com/gorilla/securecookie",
    "github.com/gorilla/sessions",
    "github.com/jinzhu/gorm",
    "github.com/joho/godotenv",
    "github.com/lib/pq",
    "github.com/markbates/goth",
    "github.com/markbates/goth/gothic",
    "github.com/markbates/goth/providers/github",
    "github.com/markbates/goth/providers/gplus",
    "github.com/pkg/errors",
    "github.com/robfig/cron",
    "github.com/satori/go.uuid",
    "github.com/stripe/stripe-go",
    "github.com/stripe/stripe-go/card",
    "github.com/stripe/stripe-go/customer",
    "github.com/stripe/stripe-go/paymentsource",
    "github.com/stripe/stripe-go/source",
    "github.com/stripe/stripe-go/sub",
    "github.com/stripe/stripe-go/webhook",
    "golang.org/x/crypto/bcrypt",
    "golang.org/x/crypto/pbkdf2",
    "golang.org/x/time/rate",
    "gopkg.in/gomail.v2",
  ]
  solver-name = "gps-cdcl"
  solver-version = 1
