# This file is autogenerated, do not edit; changes may be undone by the next 'dep ensure'.


[[projects]]
  digest = "1:9a88883f474d09f1da61894cd8115c7f33988d6941e4f6236324c777aaff8f2c"
  name = "github.com/PuerkitoBio/goquery"
  packages = ["."]
  pruneopts = ""
  revision = "dc2ec5c7ca4d9aae063b79b9f581dd3ea6afd2b2"
  version = "v1.4.1"

[[projects]]
  digest = "1:e3726ad6f38f710e84c8dcd0e830014de6eaeea81f28d91ae898afecc078479a"
  name = "github.com/andybalholm/cascadia"
  packages = ["."]
  pruneopts = ""
  revision = "901648c87902174f774fac311d7f176f8647bdaa"
  version = "v1.0.0"

[[projects]]
  digest = "1:0b1d07f6cd3aa6c84f5684cc0acc10aaf35e75b9d6da703f77bb67d62e629c93"
  name = "github.com/aymerick/douceur"
  packages = [
    "css",
    "inliner",
    "parser",
  ]
  pruneopts = ""
  revision = "c5c95ec357c8235fbd7f34e8c843d36783f3fad9"
  version = "v0.2.0"

[[projects]]
  digest = "1:3dd078fda7500c341bc26cfbc6c6a34614f295a2457149fc1045cab767cbcf18"
  name = "github.com/golang/protobuf"
  packages = ["proto"]
  pruneopts = ""
  revision = "aa810b61a9c79d51363740d207bb46cf8e620ed5"
  version = "v1.2.0"

[[projects]]
  digest = "1:dbbeb8ddb0be949954c8157ee8439c2adfd8dc1c9510eb44a6e58cb68c3dce28"
  name = "github.com/gorilla/context"
  packages = ["."]
  pruneopts = ""
  revision = "08b5f424b9271eedf6f9f0ce86cb9396ed337a42"
  version = "v1.1.1"

[[projects]]
  digest = "1:0fa74e2fa9e562bc1ba6636ba557b8017f9b545c7cde50acff4e0b77519dd137"
  name = "github.com/gorilla/css"
  packages = ["scanner"]
  pruneopts = ""
  revision = "398b0b046082ecb3694c01bec6b336a06a4e530a"
  version = "v1.0.0"

[[projects]]
  digest = "1:c2c8666b4836c81a1d247bdf21c6a6fc1ab586538ab56f74437c2e0df5c375e1"
  name = "github.com/gorilla/mux"
  packages = ["."]
  pruneopts = ""
  revision = "e3702bed27f0d39777b0b37b664b6280e8ef8fbf"
  version = "v1.6.2"

[[projects]]
  digest = "1:51a1d17ba9fe6648d9fdd5b822baa616d6ec7f28c8669c2091126d206796b5ae"
  name = "github.com/gorilla/securecookie"
  packages = ["."]
  pruneopts = ""
  revision = "e59506cc896acb7f7bf732d4fdf5e25f7ccd8983"
  version = "v1.1.1"

[[projects]]
  digest = "1:4e1c7e6877107c08296ca6ee3d3c4c07d1ff5e46565a186aa8e9342e435301be"
  name = "github.com/gorilla/sessions"
  packages = ["."]
  pruneopts = ""
  revision = "f57b7e2d29c6211d16ffa52a0998272f75799030"
  version = "v1.1.3"

[[projects]]
  digest = "1:d269638dbd514822446c3c818b6389c880058af79ec54d97731818b34fe66921"
  name = "github.com/jinzhu/gorm"
  packages = ["."]
  pruneopts = ""
  revision = "6ed508ec6a4ecb3531899a69cbc746ccf65a4166"
  version = "v1.9.1"

[[projects]]
  branch = "master"
  digest = "1:d9a7385b84d8187fd94e0357045c6fa1147ca94caa56fdd539336c7c102fc728"
  name = "github.com/jinzhu/inflection"
  packages = ["."]
  pruneopts = ""
  revision = "04140366298a54a039076d798123ffa108fff46c"

[[projects]]
  digest = "1:7df5a9695a743c3e1626b28bb8741602c8c15527e1efaeaec48ab2ff9a23f74c"
  name = "github.com/joho/godotenv"
  packages = ["."]
  pruneopts = ""
  revision = "23d116af351c84513e1946b527c88823e476be13"
  version = "v1.3.0"

[[projects]]
  digest = "1:29145d7af4adafd72a79df5e41456ac9e232d5a28c1cd4dacf3ff008a217fc10"
  name = "github.com/lib/pq"
  packages = [
    ".",
    "oid",
  ]
  pruneopts = ""
  revision = "4ded0e9383f75c197b3a2aaa6d590ac52df6fd79"
  version = "v1.0.0"

[[projects]]
  digest = "1:8f5ef35477c8db09c49cc8f702dcc85bafcfc4e2f14b63975b587a589ce2303c"
  name = "github.com/markbates/goth"
  packages = [
    ".",
    "gothic",
    "providers/github",
    "providers/gplus",
  ]
  pruneopts = ""
  revision = "f9c6649ab984d6ea71ef1e13b7b1cdffcf4592d3"
  version = "v1.46.1"

[[projects]]
  digest = "1:7365acd48986e205ccb8652cc746f09c8b7876030d53710ea6ef7d0bd0dcd7ca"
  name = "github.com/pkg/errors"
  packages = ["."]
  pruneopts = ""
  revision = "645ef00459ed84a119197bfb8d8205042c6df63d"
  version = "v0.8.0"

[[projects]]
  digest = "1:6ab228f39a195cb1dab3564a0f27dc24a52bb3a19fa58dd2967f1e7b2482d82b"
  name = "github.com/robfig/cron"
  packages = ["."]
  pruneopts = ""
  revision = "b41be1df696709bb6395fe435af20370037c0b4c"
  version = "v1.1"

[[projects]]
  digest = "1:7f569d906bdd20d906b606415b7d794f798f91a62fcfb6a4daa6d50690fb7a3f"
  name = "github.com/satori/go.uuid"
  packages = ["."]
  pruneopts = ""
  revision = "f58768cc1a7a7e77a3bd49e98cdd21419399b6a3"
  version = "v1.2.0"

[[projects]]
  digest = "1:424ed555c578339dc6d8ade516c6a2a6d3f461081aab905e955d240a2baed259"
  name = "github.com/stripe/stripe-go"
  packages = [
    ".",
    "card",
    "customer",
    "form",
    "sub",
    "webhook",
  ]
  pruneopts = ""
  revision = "2288bfd59470171d308a3b823b0ff9722a81bcd7"
  version = "v49.2.0"

[[projects]]
  branch = "master"
  digest = "1:d263c39e9144265037f7473751f48b4193df3efe4763cc72e925c13d5bdbe551"
  name = "golang.org/x/crypto"
  packages = [
    "bcrypt",
    "blowfish",
    "pbkdf2",
  ]
  pruneopts = ""
  revision = "7c1a557ab941a71c619514f229f0b27ccb0c27cf"

[[projects]]
  branch = "master"
  digest = "1:3a3c1b660248c0ec25f00cfb9c6526bd5b0ede4c8bfa2ed56a3f5e7e9d0a19cd"
  name = "golang.org/x/net"
  packages = [
    "context",
    "context/ctxhttp",
    "html",
    "html/atom",
  ]
  pruneopts = ""
  revision = "146acd28ed5894421fb5aac80ca93bc1b1f46f87"

[[projects]]
  branch = "master"
  digest = "1:235cb00e80dcf85b78a24be4bbe6c827fb28613b84037a9d524084308a849d91"
  name = "golang.org/x/oauth2"
  packages = [
    ".",
    "internal",
  ]
  pruneopts = ""
  revision = "c57b0facaced709681d9f90397429b9430a74754"

[[projects]]
  branch = "master"
  digest = "1:55a681cb66f28755765fa5fa5104cbd8dc85c55c02d206f9f89566451e3fe1aa"
  name = "golang.org/x/time"
  packages = ["rate"]
  pruneopts = ""
  revision = "fbb02b2291d28baffd63558aa44b4b56f178d650"

[[projects]]
  digest = "1:8c432632a230496c35a15cfdf441436f04c90e724ad99c8463ef0c82bbe93edb"
  name = "google.golang.org/appengine"
  packages = [
    "internal",
    "internal/base",
    "internal/datastore",
    "internal/log",
    "internal/remote_api",
    "internal/urlfetch",
    "urlfetch",
  ]
  pruneopts = ""
  revision = "ae0ab99deb4dc413a2b4bd6c8bdd0eb67f1e4d06"
  version = "v1.2.0"

[[projects]]
  branch = "v3"
  digest = "1:fa33d1dde8ce5b0b37c38c767c250a7684ecd385f9dbabe594ea8543e4d55807"
  name = "gopkg.in/alexcesaro/quotedprintable.v3"
  packages = ["."]
  pruneopts = ""
  revision = "2caba252f4dc53eaf6b553000885530023f54623"

[[projects]]
  digest = "1:cba75ccf02d7b1d508f860e1f579a986e6b94ccc26841d6dd67d18cd1196e132"
  name = "gopkg.in/gomail.v2"
  packages = ["."]
  pruneopts = ""
  revision = "41f3572897373c5538c50a2402db15db079fa4fd"
  version = "2.0.0"

[solve-meta]
  analyzer-name = "dep"
  analyzer-version = 1
  input-imports = [
    "github.com/aymerick/douceur/inliner",
    "github.com/gorilla/mux",
    "github.com/gorilla/securecookie",
    "github.com/gorilla/sessions",
    "github.com/jinzhu/gorm",
    "github.com/joho/godotenv",
    "github.com/lib/pq",
    "github.com/markbates/goth",
    "github.com/markbates/goth/gothic",
    "github.com/markbates/goth/providers/github",
    "github.com/markbates/goth/providers/gplus",
    "github.com/pkg/errors",
    "github.com/robfig/cron",
    "github.com/satori/go.uuid",
    "github.com/stripe/stripe-go",
    "github.com/stripe/stripe-go/card",
    "github.com/stripe/stripe-go/customer",
    "github.com/stripe/stripe-go/sub",
    "github.com/stripe/stripe-go/webhook",
    "golang.org/x/crypto/bcrypt",
    "golang.org/x/crypto/pbkdf2",
    "golang.org/x/time/rate",
    "gopkg.in/gomail.v2",
  ]
  solver-name = "gps-cdcl"
  solver-version = 1
